PODS:
  - Flutter (1.0.0)
  - flutter_paytabs_bridge (2.3.2):
    - Flutter
    - PayTabsSDK (= 6.4.0)
  - path_provider_foundation (0.0.1):
    - Flutter
    - FlutterMacOS
  - PayTabsSDK (6.4.0)

DEPENDENCIES:
  - Flutter (from `Flutter`)
  - flutter_paytabs_bridge (from `.symlinks/plugins/flutter_paytabs_bridge/ios`)
  - path_provider_foundation (from `.symlinks/plugins/path_provider_foundation/ios`)

SPEC REPOS:
  trunk:
    - PayTabsSDK

EXTERNAL SOURCES:
  Flutter:
    :path: Flutter
  flutter_paytabs_bridge:
    :path: ".symlinks/plugins/flutter_paytabs_bridge/ios"
  path_provider_foundation:
    :path: ".symlinks/plugins/path_provider_foundation/ios"

SPEC CHECKSUMS:
  Flutter: f04841e97a9d0b0a8025694d0796dd46242b2854
  flutter_paytabs_bridge: 6a5a2afdecd5a7eb61c6e3a74c5a8b1782a3e32f
  path_provider_foundation: 37748e03f12783f9de2cb2c4eadfaa25fe6d4852
  PayTabsSDK: 825c609aed2b03bef8e7e586bdd880bd54a56d41

PODFILE CHECKSUM: 87585dfbd547da448f47d098e60e7673ff168ae0

COCOAPODS: 1.11.2
